// !$*UTF8*$!
{
	archiveVersion = 1;
	classes = {
	};
	objectVersion = 46;
	objects = {

/* Begin PBXBuildFile section */
		14E838D21D7D6BE200DDDA5B /* main.m in Sources */ = {isa = PBXBuildFile; fileRef = 14E838D11D7D6BE200DDDA5B /* main.m */; };
		14E838D51D7D6BE200DDDA5B /* AppDelegate.m in Sources */ = {isa = PBXBuildFile; fileRef = 14E838D41D7D6BE200DDDA5B /* AppDelegate.m */; };
		14E838D81D7D6BE200DDDA5B /* ViewController.m in Sources */ = {isa = PBXBuildFile; fileRef = 14E838D71D7D6BE200DDDA5B /* ViewController.m */; };
		14E838DB1D7D6BE200DDDA5B /* Main.storyboard in Resources */ = {isa = PBXBuildFile; fileRef = 14E838D91D7D6BE200DDDA5B /* Main.storyboard */; };
		14E838DD1D7D6BE200DDDA5B /* Assets.xcassets in Resources */ = {isa = PBXBuildFile; fileRef = 14E838DC1D7D6BE200DDDA5B /* Assets.xcassets */; };
		14E838E01D7D6BE200DDDA5B /* LaunchScreen.storyboard in Resources */ = {isa = PBXBuildFile; fileRef = 14E838DE1D7D6BE200DDDA5B /* LaunchScreen.storyboard */; };
		14E838E91D7D6D0D00DDDA5B /* HTools.m in Sources */ = {isa = PBXBuildFile; fileRef = 14E838E81D7D6D0D00DDDA5B /* HTools.m */; };
/* End PBXBuildFile section */

/* Begin PBXFileReference section */
		14E838CD1D7D6BE200DDDA5B /* HtmlTest.app */ = {isa = PBXFileReference; explicitFileType = wrapper.application; includeInIndex = 0; path = HtmlTest.app; sourceTree = BUILT_PRODUCTS_DIR; };
		14E838D11D7D6BE200DDDA5B /* main.m */ = {isa = PBXFileReference; lastKnownFileType = sourcecode.c.objc; path = main.m; sourceTree = "<group>"; };
		14E838D31D7D6BE200DDDA5B /* AppDelegate.h */ = {isa = PBXFileReference; lastKnownFileType = sourcecode.c.h; path = AppDelegate.h; sourceTree = "<group>"; };
		14E838D41D7D6BE200DDDA5B /* AppDelegate.m */ = {isa = PBXFileReference; lastKnownFileType = sourcecode.c.objc; path = AppDelegate.m; sourceTree = "<group>"; };
		14E838D61D7D6BE200DDDA5B /* ViewController.h */ = {isa = PBXFileReference; lastKnownFileType = sourcecode.c.h; path = ViewController.h; sourceTree = "<group>"; };
		14E838D71D7D6BE200DDDA5B /* ViewController.m */ = {isa = PBXFileReference; lastKnownFileType = sourcecode.c.objc; path = ViewController.m; sourceTree = "<group>"; };
		14E838DA1D7D6BE200DDDA5B /* Base */ = {isa = PBXFileReference; lastKnownFileType = file.storyboard; name = Base; path = Base.lproj/Main.storyboard; sourceTree = "<group>"; };
		14E838DC1D7D6BE200DDDA5B /* Assets.xcassets */ = {isa = PBXFileReference; lastKnownFileType = folder.assetcatalog; path = Assets.xcassets; sourceTree = "<group>"; };
		14E838DF1D7D6BE200DDDA5B /* Base */ = {isa = PBXFileReference; lastKnownFileType = file.storyboard; name = Base; path = Base.lproj/LaunchScreen.storyboard; sourceTree = "<group>"; };
		14E838E11D7D6BE200DDDA5B /* Info.plist */ = {isa = PBXFileReference; lastKnownFileType = text.plist.xml; path = Info.plist; sourceTree = "<group>"; };
		14E838E71D7D6D0D00DDDA5B /* HTools.h */ = {isa = PBXFileReference; fileEncoding = 4; lastKnownFileType = sourcecode.c.h; path = HTools.h; sourceTree = "<group>"; };
		14E838E81D7D6D0D00DDDA5B /* HTools.m */ = {isa = PBXFileReference; fileEncoding = 4; lastKnownFileType = sourcecode.c.objc; path = HTools.m; sourceTree = "<group>"; };
/* End PBXFileReference section */

/* Begin PBXFrameworksBuildPhase section */
		14E838CA1D7D6BE200DDDA5B /* Frameworks */ = {
			isa = PBXFrameworksBuildPhase;
			buildActionMask = 2147483647;
			files = (
			);
			runOnlyForDeploymentPostprocessing = 0;
		};
/* End PBXFrameworksBuildPhase section */

/* Begin PBXGroup section */
		14E838C41D7D6BE200DDDA5B = {
			isa = PBXGroup;
			children = (
				14E838CF1D7D6BE200DDDA5B /* HtmlTest */,
				14E838CE1D7D6BE200DDDA5B /* Products */,
			);
			sourceTree = "<group>";
		};
		14E838CE1D7D6BE200DDDA5B /* Products */ = {
			isa = PBXGroup;
			children = (
				14E838CD1D7D6BE200DDDA5B /* HtmlTest.app */,
			);
			name = Products;
			sourceTree = "<group>";
		};
		14E838CF1D7D6BE200DDDA5B /* HtmlTest */ = {
			isa = PBXGroup;
			children = (
				14E838D31D7D6BE200DDDA5B /* AppDelegate.h */,
				14E838D41D7D6BE200DDDA5B /* AppDelegate.m */,
				14E838D61D7D6BE200DDDA5B /* ViewController.h */,
				14E838D71D7D6BE200DDDA5B /* ViewController.m */,
				14E838E71D7D6D0D00DDDA5B /* HTools.h */,
				14E838E81D7D6D0D00DDDA5B /* HTools.m */,
				14E838D91D7D6BE200DDDA5B /* Main.storyboard */,
				14E838DC1D7D6BE200DDDA5B /* Assets.xcassets */,
				14E838DE1D7D6BE200DDDA5B /* LaunchScreen.storyboard */,
				14E838E11D7D6BE200DDDA5B /* Info.plist */,
				14E838D01D7D6BE200DDDA5B /* Supporting Files */,
			);
			path = HtmlTest;
			sourceTree = "<group>";
		};
		14E838D01D7D6BE200DDDA5B /* Supporting Files */ = {
			isa = PBXGroup;
			children = (
				14E838D11D7D6BE200DDDA5B /* main.m */,
			);
			name = "Supporting Files";
			sourceTree = "<group>";
		};
/* End PBXGroup section */

/* Begin PBXNativeTarget section */
		14E838CC1D7D6BE200DDDA5B /* HtmlTest */ = {
			isa = PBXNativeTarget;
			buildConfigurationList = 14E838E41D7D6BE200DDDA5B /* Build configuration list for PBXNativeTarget "HtmlTest" */;
			buildPhases = (
				14E838C91D7D6BE200DDDA5B /* Sources */,
				14E838CA1D7D6BE200DDDA5B /* Frameworks */,
				14E838CB1D7D6BE200DDDA5B /* Resources */,
			);
			buildRules = (
			);
			dependencies = (
			);
			name = HtmlTest;
			productName = HtmlTest;
			productReference = 14E838CD1D7D6BE200DDDA5B /* HtmlTest.app */;
			productType = "com.apple.product-type.application";
		};
/* End PBXNativeTarget section */

/* Begin PBXProject section */
		14E838C51D7D6BE200DDDA5B /* Project object */ = {
			isa = PBXProject;
			attributes = {
				LastUpgradeCheck = 0730;
				ORGANIZATIONNAME = Chenfy;
				TargetAttributes = {
					14E838CC1D7D6BE200DDDA5B = {
						CreatedOnToolsVersion = 7.3.1;
						DevelopmentTeam = R8VL65UYWY;
					};
				};
			};
			buildConfigurationList = 14E838C81D7D6BE200DDDA5B /* Build configuration list for PBXProject "HtmlTest" */;
			compatibilityVersion = "Xcode 3.2";
			developmentRegion = English;
			hasScannedForEncodings = 0;
			knownRegions = (
				en,
				Base,
			);
			mainGroup = 14E838C41D7D6BE200DDDA5B;
			productRefGroup = 14E838CE1D7D6BE200DDDA5B /* Products */;
			projectDirPath = "";
			projectRoot = "";
			targets = (
				14E838CC1D7D6BE200DDDA5B /* HtmlTest */,
			);
		};
/* End PBXProject section */

/* Begin PBXResourcesBuildPhase section */
		14E838CB1D7D6BE200DDDA5B /* Resources */ = {
			isa = PBXResourcesBuildPhase;
			buildActionMask = 2147483647;
			files = (
				14E838E01D7D6BE200DDDA5B /* LaunchScreen.storyboard in Resources */,
				14E838DD1D7D6BE200DDDA5B /* Assets.xcassets in Resources */,
				14E838DB1D7D6BE200DDDA5B /* Main.storyboard in Resources */,
			);
			runOnlyForDeploymentPostprocessing = 0;
		};
/* End PBXResourcesBuildPhase section */

/* Begin PBXSourcesBuildPhase section */
		14E838C91D7D6BE200DDDA5B /* Sources */ = {
			isa = PBXSourcesBuildPhase;
			buildActionMask = 2147483647;
			files = (
				14E838E91D7D6D0D00DDDA5B /* HTools.m in Sources */,
				14E838D81D7D6BE200DDDA5B /* ViewController.m in Sources */,
				14E838D51D7D6BE200DDDA5B /* AppDelegate.m in Sources */,
				14E838D21D7D6BE200DDDA5B /* main.m in Sources */,
			);
			runOnlyForDeploymentPostprocessing = 0;
		};
/* End PBXSourcesBuildPhase section */

/* Begin PBXVariantGroup section */
		14E838D91D7D6BE200DDDA5B /* Main.storyboard */ = {
			isa = PBXVariantGroup;
			children = (
				14E838DA1D7D6BE200DDDA5B /* Base */,
			);
			name = Main.storyboard;
			sourceTree = "<group>";
		};
		14E838DE1D7D6BE200DDDA5B /* LaunchScreen.storyboard */ = {
			isa = PBXVariantGroup;
			children = (
				14E838DF1D7D6BE200DDDA5B /* Base */,
			);
			name = LaunchScreen.storyboard;
			sourceTree = "<group>";
		};
/* End PBXVariantGroup section */

/* Begin XCBuildConfiguration section */
		14E838E21D7D6BE200DDDA5B /* Debug */ = {
			isa = XCBuildConfiguration;
			buildSettings = {
				ALWAYS_SEARCH_USER_PATHS = NO;
				CLANG_ANALYZER_NONNULL = YES;
				CLANG_CXX_LANGUAGE_STANDARD = "gnu++0x";
				CLANG_CXX_LIBRARY = "libc++";
				CLANG_ENABLE_MODULES = YES;
				CLANG_ENABLE_OBJC_ARC = YES;
				CLANG_WARN_BOOL_CONVERSION = YES;
				CLANG_WARN_CONSTANT_CONVERSION = YES;
				CLANG_WARN_DIRECT_OBJC_ISA_USAGE = YES_ERROR;
				CLANG_WARN_EMPTY_BODY = YES;
				CLANG_WARN_ENUM_CONVERSION = YES;
				CLANG_WARN_INT_CONVERSION = YES;
				CLANG_WARN_OBJC_ROOT_CLASS = YES_ERROR;
				CLANG_WARN_UNREACHABLE_CODE = YES;
				CLANG_WARN__DUPLICATE_METHOD_MATCH = YES;
				"CODE_SIGN_IDENTITY[sdk=iphoneos*]" = "iPhone Developer";
				COPY_PHASE_STRIP = NO;
				DEBUG_INFORMATION_FORMAT = dwarf;
				ENABLE_STRICT_OBJC_MSGSEND = YES;
				ENABLE_TESTABILITY = YES;
				GCC_C_LANGUAGE_STANDARD = gnu99;
				GCC_DYNAMIC_NO_PIC = NO;
				GCC_NO_COMMON_BLOCKS = YES;
				GCC_OPTIMIZATION_LEVEL = 0;
				GCC_PREPROCESSOR_DEFINITIONS = (
					"DEBUG=1",
					"$(inherited)",
				);
				GCC_WARN_64_TO_32_BIT_CONVERSION = YES;
				GCC_WARN_ABOUT_RETURN_TYPE = YES_ERROR;
				GCC_WARN_UNDECLARED_SELECTOR = YES;
				GCC_WARN_UNINITIALIZED_AUTOS = YES_AGGRESSIVE;
				GCC_WARN_UNUSED_FUNCTION = YES;
				GCC_WARN_UNUSED_VARIABLE = YES;
				IPHONEOS_DEPLOYMENT_TARGET = 9.3;
				MTL_ENABLE_DEBUG_INFO = YES;
				ONLY_ACTIVE_ARCH = YES;
				SDKROOT = iphoneos;
			};
			name = Debug;
		};
		14E838E31D7D6BE200DDDA5B /* Release */ = {
			isa = XCBuildConfiguration;
			buildSettings = {
				ALWAYS_SEARCH_USER_PATHS = NO;
				CLANG_ANALYZER_NONNULL = YES;
				CLANG_CXX_LANGUAGE_STANDARD = "gnu++0x";
				CLANG_CXX_LIBRARY = "libc++";
				CLANG_ENABLE_MODULES = YES;
				CLANG_ENABLE_OBJC_ARC = YES;
				CLANG_WARN_BOOL_CONVERSION = YES;
				CLANG_WARN_CONSTANT_CONVERSION = YES;
				CLANG_WARN_DIRECT_OBJC_ISA_USAGE = YES_ERROR;
				CLANG_WARN_EMPTY_BODY = YES;
				CLANG_WARN_ENUM_CONVERSION = YES;
				CLANG_WARN_INT_CONVERSION = YES;
				CLANG_WARN_OBJC_ROOT_CLASS = YES_ERROR;
				CLANG_WARN_UNREACHABLE_CODE = YES;
				CLANG_WARN__DUPLICATE_METHOD_MATCH = YES;
				"CODE_SIGN_IDENTITY[sdk=iphoneos*]" = "iPhone Developer";
				COPY_PHASE_STRIP = NO;
				DEBUG_INFORMATION_FORMAT = "dwarf-with-dsym";
				ENABLE_NS_ASSERTIONS = NO;
				ENABLE_STRICT_OBJC_MSGSEND = YES;
				GCC_C_LANGUAGE_STANDARD = gnu99;
				GCC_NO_COMMON_BLOCKS = YES;
				GCC_WARN_64_TO_32_BIT_CONVERSION = YES;
				GCC_WARN_ABOUT_RETURN_TYPE = YES_ERROR;
				GCC_WARN_UNDECLARED_SELECTOR = YES;
				GCC_WARN_UNINITIALIZED_AUTOS = YES_AGGRESSIVE;
				GCC_WARN_UNUSED_FUNCTION = YES;
				GCC_WARN_UNUSED_VARIABLE = YES;
				IPHONEOS_DEPLOYMENT_TARGET = 9.3;
				MTL_ENABLE_DEBUG_INFO = NO;
				SDKROOT = iphoneos;
				VALIDATE_PRODUCT = YES;
			};
			name = Release;
		};
		14E838E51D7D6BE200DDDA5B /* Debug */ = {
			isa = XCBuildConfiguration;
			buildSettings = {
				ASSETCATALOG_COMPILER_APPICON_NAME = AppIcon;
				CODE_SIGN_IDENTITY = "iPhone Developer";
				INFOPLIST_FILE = HtmlTest/Info.plist;
				IPHONEOS_DEPLOYMENT_TARGET = 8.0;
				LD_RUNPATH_SEARCH_PATHS = "$(inherited) @executable_path/Frameworks";
				PRODUCT_BUNDLE_IDENTIFIER = com.BJCA.WAPI;
				PRODUCT_NAME = "$(TARGET_NAME)";
				TARGETED_DEVICE_FAMILY = 2;
			};
			name = Debug;
		};
		14E838E61D7D6BE200DDDA5B /* Release */ = {
			isa = XCBuildConfiguration;
			buildSettings = {
				ASSETCATALOG_COMPILER_APPICON_NAME = AppIcon;
				CODE_SIGN_IDENTITY = "iPhone Developer";
				INFOPLIST_FILE = HtmlTest/Info.plist;
				IPHONEOS_DEPLOYMENT_TARGET = 8.0;
				LD_RUNPATH_SEARCH_PATHS = "$(inherited) @executable_path/Frameworks";
				PRODUCT_BUNDLE_IDENTIFIER = com.BJCA.WAPI;
				PRODUCT_NAME = "$(TARGET_NAME)";
				TARGETED_DEVICE_FAMILY = 2;
			};
			name = Release;
		};
/* End XCBuildConfiguration section */

/* Begin XCConfigurationList section */
		14E838C81D7D6BE200DDDA5B /* Build configuration list for PBXProject "HtmlTest" */ = {
			isa = XCConfigurationList;
			buildConfigurations = (
				14E838E21D7D6BE200DDDA5B /* Debug */,
				14E838E31D7D6BE200DDDA5B /* Release */,
			);
			defaultConfigurationIsVisible = 0;
			defaultConfigurationName = Release;
		};
		14E838E41D7D6BE200DDDA5B /* Build configuration list for PBXNativeTarget "HtmlTest" */ = {
			isa = XCConfigurationList;
			buildConfigurations = (
				14E838E51D7D6BE200DDDA5B /* Debug */,
				14E838E61D7D6BE200DDDA5B /* Release */,
			);
			defaultConfigurationIsVisible = 0;
			defaultConfigurationName = Release;
		};
/* End XCConfigurationList section */
	};
	rootObject = 14E838C51D7D6BE200DDDA5B /* Project object */;
}
