// !$*UTF8*$!
{
	archiveVersion = 1;
	classes = {
	};
	objectVersion = 46;
	objects = {

/* Begin PBXBuildFile section */
		14BACA271D6DB602004AF32A /* main.m in Sources */ = {isa = PBXBuildFile; fileRef = 14BACA261D6DB602004AF32A /* main.m */; };
		14BACA2A1D6DB602004AF32A /* AppDelegate.m in Sources */ = {isa = PBXBuildFile; fileRef = 14BACA291D6DB602004AF32A /* AppDelegate.m */; };
		14BACA2D1D6DB602004AF32A /* ViewController.m in Sources */ = {isa = PBXBuildFile; fileRef = 14BACA2C1D6DB602004AF32A /* ViewController.m */; };
		14BACA301D6DB602004AF32A /* Main.storyboard in Resources */ = {isa = PBXBuildFile; fileRef = 14BACA2E1D6DB602004AF32A /* Main.storyboard */; };
		14BACA321D6DB602004AF32A /* Assets.xcassets in Resources */ = {isa = PBXBuildFile; fileRef = 14BACA311D6DB602004AF32A /* Assets.xcassets */; };
		14BACA351D6DB602004AF32A /* LaunchScreen.storyboard in Resources */ = {isa = PBXBuildFile; fileRef = 14BACA331D6DB602004AF32A /* LaunchScreen.storyboard */; };
		14BACA3F1D6DB676004AF32A /* PrivateInterfaceViewController.m in Sources */ = {isa = PBXBuildFile; fileRef = 14BACA3E1D6DB676004AF32A /* PrivateInterfaceViewController.m */; };
		14BACA471D6DBD7F004AF32A /* PrivateInterfaceShow.m in Sources */ = {isa = PBXBuildFile; fileRef = 14BACA461D6DBD7F004AF32A /* PrivateInterfaceShow.m */; };
		14FF9C0D1D6FEC43007ED415 /* UIColor+colorExpand.m in Sources */ = {isa = PBXBuildFile; fileRef = 14FF9C0C1D6FEC43007ED415 /* UIColor+colorExpand.m */; };
		14FF9C101D6FEC83007ED415 /* UIImage+imageExpand.m in Sources */ = {isa = PBXBuildFile; fileRef = 14FF9C0F1D6FEC83007ED415 /* UIImage+imageExpand.m */; };
		14FF9C131D6FECB1007ED415 /* NSDictionary+dictionaryExpand.m in Sources */ = {isa = PBXBuildFile; fileRef = 14FF9C121D6FECB1007ED415 /* NSDictionary+dictionaryExpand.m */; };
		14FF9C161D6FECEB007ED415 /* NSError+errorExpand.m in Sources */ = {isa = PBXBuildFile; fileRef = 14FF9C151D6FECEB007ED415 /* NSError+errorExpand.m */; };
		14FF9C1E1D6FEF2B007ED415 /* NSDate+dateExpand.m in Sources */ = {isa = PBXBuildFile; fileRef = 14FF9C1D1D6FEF2B007ED415 /* NSDate+dateExpand.m */; };
		14FF9C211D6FEF78007ED415 /* UIView+viewExpand.m in Sources */ = {isa = PBXBuildFile; fileRef = 14FF9C201D6FEF78007ED415 /* UIView+viewExpand.m */; };
		14FF9C241D6FEFEF007ED415 /* UINavigationController+navExpand.m in Sources */ = {isa = PBXBuildFile; fileRef = 14FF9C231D6FEFEF007ED415 /* UINavigationController+navExpand.m */; };
		14FF9C271D6FF055007ED415 /* NSArray+arrayExpand.m in Sources */ = {isa = PBXBuildFile; fileRef = 14FF9C261D6FF055007ED415 /* NSArray+arrayExpand.m */; };
		14FF9C2A1D6FF15B007ED415 /* NSString+stringExpand.m in Sources */ = {isa = PBXBuildFile; fileRef = 14FF9C291D6FF15B007ED415 /* NSString+stringExpand.m */; };
		14FF9C2D1D700CC0007ED415 /* NSUserDefaults+userdefaultExpand.m in Sources */ = {isa = PBXBuildFile; fileRef = 14FF9C2C1D700CC0007ED415 /* NSUserDefaults+userdefaultExpand.m */; };
		14FF9C331D700D61007ED415 /* CocoaSecurity.m in Sources */ = {isa = PBXBuildFile; fileRef = 14FF9C301D700D61007ED415 /* CocoaSecurity.m */; };
		14FF9C341D700D61007ED415 /* LICENSE in Resources */ = {isa = PBXBuildFile; fileRef = 14FF9C311D700D61007ED415 /* LICENSE */; };
		14FF9C351D700D61007ED415 /* README.md in Sources */ = {isa = PBXBuildFile; fileRef = 14FF9C321D700D61007ED415 /* README.md */; };
/* End PBXBuildFile section */

/* Begin PBXFileReference section */
		1497952D1D7EECF7003D3E98 /* Header.h */ = {isa = PBXFileReference; lastKnownFileType = sourcecode.c.h; path = Header.h; sourceTree = "<group>"; };
		14BACA221D6DB602004AF32A /* FunctionTest.app */ = {isa = PBXFileReference; explicitFileType = wrapper.application; includeInIndex = 0; path = FunctionTest.app; sourceTree = BUILT_PRODUCTS_DIR; };
		14BACA261D6DB602004AF32A /* main.m */ = {isa = PBXFileReference; lastKnownFileType = sourcecode.c.objc; path = main.m; sourceTree = "<group>"; };
		14BACA281D6DB602004AF32A /* AppDelegate.h */ = {isa = PBXFileReference; lastKnownFileType = sourcecode.c.h; path = AppDelegate.h; sourceTree = "<group>"; };
		14BACA291D6DB602004AF32A /* AppDelegate.m */ = {isa = PBXFileReference; lastKnownFileType = sourcecode.c.objc; path = AppDelegate.m; sourceTree = "<group>"; };
		14BACA2B1D6DB602004AF32A /* ViewController.h */ = {isa = PBXFileReference; lastKnownFileType = sourcecode.c.h; path = ViewController.h; sourceTree = "<group>"; };
		14BACA2C1D6DB602004AF32A /* ViewController.m */ = {isa = PBXFileReference; lastKnownFileType = sourcecode.c.objc; path = ViewController.m; sourceTree = "<group>"; };
		14BACA2F1D6DB602004AF32A /* Base */ = {isa = PBXFileReference; lastKnownFileType = file.storyboard; name = Base; path = Base.lproj/Main.storyboard; sourceTree = "<group>"; };
		14BACA311D6DB602004AF32A /* Assets.xcassets */ = {isa = PBXFileReference; lastKnownFileType = folder.assetcatalog; path = Assets.xcassets; sourceTree = "<group>"; };
		14BACA341D6DB602004AF32A /* Base */ = {isa = PBXFileReference; lastKnownFileType = file.storyboard; name = Base; path = Base.lproj/LaunchScreen.storyboard; sourceTree = "<group>"; };
		14BACA361D6DB602004AF32A /* Info.plist */ = {isa = PBXFileReference; lastKnownFileType = text.plist.xml; path = Info.plist; sourceTree = "<group>"; };
		14BACA3D1D6DB676004AF32A /* PrivateInterfaceViewController.h */ = {isa = PBXFileReference; fileEncoding = 4; lastKnownFileType = sourcecode.c.h; path = PrivateInterfaceViewController.h; sourceTree = "<group>"; };
		14BACA3E1D6DB676004AF32A /* PrivateInterfaceViewController.m */ = {isa = PBXFileReference; fileEncoding = 4; lastKnownFileType = sourcecode.c.objc; path = PrivateInterfaceViewController.m; sourceTree = "<group>"; };
		14BACA431D6DBCD1004AF32A /* IosProblems.h */ = {isa = PBXFileReference; lastKnownFileType = sourcecode.c.h; path = IosProblems.h; sourceTree = "<group>"; };
		14BACA451D6DBD7F004AF32A /* PrivateInterfaceShow.h */ = {isa = PBXFileReference; fileEncoding = 4; lastKnownFileType = sourcecode.c.h; path = PrivateInterfaceShow.h; sourceTree = "<group>"; };
		14BACA461D6DBD7F004AF32A /* PrivateInterfaceShow.m */ = {isa = PBXFileReference; fileEncoding = 4; lastKnownFileType = sourcecode.c.objc; path = PrivateInterfaceShow.m; sourceTree = "<group>"; };
		14FF9C021D6FDDA6007ED415 /* KPublicConst.h */ = {isa = PBXFileReference; fileEncoding = 4; lastKnownFileType = sourcecode.c.h; path = KPublicConst.h; sourceTree = "<group>"; };
		14FF9C041D6FDEF7007ED415 /* KConstAddress.h */ = {isa = PBXFileReference; lastKnownFileType = sourcecode.c.h; path = KConstAddress.h; sourceTree = "<group>"; };
		14FF9C051D6FDF22007ED415 /* KConstSize.h */ = {isa = PBXFileReference; lastKnownFileType = sourcecode.c.h; path = KConstSize.h; sourceTree = "<group>"; };
		14FF9C061D6FDF58007ED415 /* KConstColor.h */ = {isa = PBXFileReference; lastKnownFileType = sourcecode.c.h; path = KConstColor.h; sourceTree = "<group>"; };
		14FF9C071D6FDFEC007ED415 /* KConstFunction.h */ = {isa = PBXFileReference; lastKnownFileType = sourcecode.c.h; path = KConstFunction.h; sourceTree = "<group>"; };
		14FF9C081D6FE002007ED415 /* KConstDevice.h */ = {isa = PBXFileReference; lastKnownFileType = sourcecode.c.h; path = KConstDevice.h; sourceTree = "<group>"; };
		14FF9C091D6FE660007ED415 /* KHeaderConst.h */ = {isa = PBXFileReference; lastKnownFileType = sourcecode.c.h; path = KHeaderConst.h; sourceTree = "<group>"; };
		14FF9C0B1D6FEC43007ED415 /* UIColor+colorExpand.h */ = {isa = PBXFileReference; fileEncoding = 4; lastKnownFileType = sourcecode.c.h; path = "UIColor+colorExpand.h"; sourceTree = "<group>"; };
		14FF9C0C1D6FEC43007ED415 /* UIColor+colorExpand.m */ = {isa = PBXFileReference; fileEncoding = 4; lastKnownFileType = sourcecode.c.objc; path = "UIColor+colorExpand.m"; sourceTree = "<group>"; };
		14FF9C0E1D6FEC83007ED415 /* UIImage+imageExpand.h */ = {isa = PBXFileReference; fileEncoding = 4; lastKnownFileType = sourcecode.c.h; path = "UIImage+imageExpand.h"; sourceTree = "<group>"; };
		14FF9C0F1D6FEC83007ED415 /* UIImage+imageExpand.m */ = {isa = PBXFileReference; fileEncoding = 4; lastKnownFileType = sourcecode.c.objc; path = "UIImage+imageExpand.m"; sourceTree = "<group>"; };
		14FF9C111D6FECB1007ED415 /* NSDictionary+dictionaryExpand.h */ = {isa = PBXFileReference; fileEncoding = 4; lastKnownFileType = sourcecode.c.h; path = "NSDictionary+dictionaryExpand.h"; sourceTree = "<group>"; };
		14FF9C121D6FECB1007ED415 /* NSDictionary+dictionaryExpand.m */ = {isa = PBXFileReference; fileEncoding = 4; lastKnownFileType = sourcecode.c.objc; path = "NSDictionary+dictionaryExpand.m"; sourceTree = "<group>"; };
		14FF9C141D6FECEB007ED415 /* NSError+errorExpand.h */ = {isa = PBXFileReference; fileEncoding = 4; lastKnownFileType = sourcecode.c.h; path = "NSError+errorExpand.h"; sourceTree = "<group>"; };
		14FF9C151D6FECEB007ED415 /* NSError+errorExpand.m */ = {isa = PBXFileReference; fileEncoding = 4; lastKnownFileType = sourcecode.c.objc; path = "NSError+errorExpand.m"; sourceTree = "<group>"; };
		14FF9C1C1D6FEF2B007ED415 /* NSDate+dateExpand.h */ = {isa = PBXFileReference; fileEncoding = 4; lastKnownFileType = sourcecode.c.h; path = "NSDate+dateExpand.h"; sourceTree = "<group>"; };
		14FF9C1D1D6FEF2B007ED415 /* NSDate+dateExpand.m */ = {isa = PBXFileReference; fileEncoding = 4; lastKnownFileType = sourcecode.c.objc; path = "NSDate+dateExpand.m"; sourceTree = "<group>"; };
		14FF9C1F1D6FEF78007ED415 /* UIView+viewExpand.h */ = {isa = PBXFileReference; fileEncoding = 4; lastKnownFileType = sourcecode.c.h; path = "UIView+viewExpand.h"; sourceTree = "<group>"; };
		14FF9C201D6FEF78007ED415 /* UIView+viewExpand.m */ = {isa = PBXFileReference; fileEncoding = 4; lastKnownFileType = sourcecode.c.objc; path = "UIView+viewExpand.m"; sourceTree = "<group>"; };
		14FF9C221D6FEFEF007ED415 /* UINavigationController+navExpand.h */ = {isa = PBXFileReference; fileEncoding = 4; lastKnownFileType = sourcecode.c.h; path = "UINavigationController+navExpand.h"; sourceTree = "<group>"; };
		14FF9C231D6FEFEF007ED415 /* UINavigationController+navExpand.m */ = {isa = PBXFileReference; fileEncoding = 4; lastKnownFileType = sourcecode.c.objc; path = "UINavigationController+navExpand.m"; sourceTree = "<group>"; };
		14FF9C251D6FF055007ED415 /* NSArray+arrayExpand.h */ = {isa = PBXFileReference; fileEncoding = 4; lastKnownFileType = sourcecode.c.h; path = "NSArray+arrayExpand.h"; sourceTree = "<group>"; };
		14FF9C261D6FF055007ED415 /* NSArray+arrayExpand.m */ = {isa = PBXFileReference; fileEncoding = 4; lastKnownFileType = sourcecode.c.objc; path = "NSArray+arrayExpand.m"; sourceTree = "<group>"; };
		14FF9C281D6FF15B007ED415 /* NSString+stringExpand.h */ = {isa = PBXFileReference; fileEncoding = 4; lastKnownFileType = sourcecode.c.h; path = "NSString+stringExpand.h"; sourceTree = "<group>"; };
		14FF9C291D6FF15B007ED415 /* NSString+stringExpand.m */ = {isa = PBXFileReference; fileEncoding = 4; lastKnownFileType = sourcecode.c.objc; path = "NSString+stringExpand.m"; sourceTree = "<group>"; };
		14FF9C2B1D700CC0007ED415 /* NSUserDefaults+userdefaultExpand.h */ = {isa = PBXFileReference; fileEncoding = 4; lastKnownFileType = sourcecode.c.h; path = "NSUserDefaults+userdefaultExpand.h"; sourceTree = "<group>"; };
		14FF9C2C1D700CC0007ED415 /* NSUserDefaults+userdefaultExpand.m */ = {isa = PBXFileReference; fileEncoding = 4; lastKnownFileType = sourcecode.c.objc; path = "NSUserDefaults+userdefaultExpand.m"; sourceTree = "<group>"; };
		14FF9C2F1D700D61007ED415 /* CocoaSecurity.h */ = {isa = PBXFileReference; fileEncoding = 4; lastKnownFileType = sourcecode.c.h; path = CocoaSecurity.h; sourceTree = "<group>"; };
		14FF9C301D700D61007ED415 /* CocoaSecurity.m */ = {isa = PBXFileReference; fileEncoding = 4; lastKnownFileType = sourcecode.c.objc; path = CocoaSecurity.m; sourceTree = "<group>"; };
		14FF9C311D700D61007ED415 /* LICENSE */ = {isa = PBXFileReference; fileEncoding = 4; lastKnownFileType = text; path = LICENSE; sourceTree = "<group>"; };
		14FF9C321D700D61007ED415 /* README.md */ = {isa = PBXFileReference; fileEncoding = 4; lastKnownFileType = net.daringfireball.markdown; path = README.md; sourceTree = "<group>"; };
/* End PBXFileReference section */

/* Begin PBXFrameworksBuildPhase section */
		14BACA1F1D6DB602004AF32A /* Frameworks */ = {
			isa = PBXFrameworksBuildPhase;
			buildActionMask = 2147483647;
			files = (
			);
			runOnlyForDeploymentPostprocessing = 0;
		};
/* End PBXFrameworksBuildPhase section */

/* Begin PBXGroup section */
		14BACA191D6DB602004AF32A = {
			isa = PBXGroup;
			children = (
				14BACA241D6DB602004AF32A /* FunctionTest */,
				14BACA231D6DB602004AF32A /* Products */,
			);
			sourceTree = "<group>";
		};
		14BACA231D6DB602004AF32A /* Products */ = {
			isa = PBXGroup;
			children = (
				14BACA221D6DB602004AF32A /* FunctionTest.app */,
			);
			name = Products;
			sourceTree = "<group>";
		};
		14BACA241D6DB602004AF32A /* FunctionTest */ = {
			isa = PBXGroup;
			children = (
				14BACA281D6DB602004AF32A /* AppDelegate.h */,
				14BACA291D6DB602004AF32A /* AppDelegate.m */,
				14BACA2B1D6DB602004AF32A /* ViewController.h */,
				14BACA2C1D6DB602004AF32A /* ViewController.m */,
				14BACA441D6DBD53004AF32A /* PrivateInterface */,
				14BACA401D6DBC25004AF32A /* Macro */,
				14BACA3C1D6DB65F004AF32A /* PrivateIosTest */,
				14BACA421D6DBCC6004AF32A /* IosProblems */,
				14FF9C0A1D6FEBF6007ED415 /* Category */,
				14BACA2E1D6DB602004AF32A /* Main.storyboard */,
				14BACA311D6DB602004AF32A /* Assets.xcassets */,
				14BACA331D6DB602004AF32A /* LaunchScreen.storyboard */,
				14BACA361D6DB602004AF32A /* Info.plist */,
				14BACA251D6DB602004AF32A /* Supporting Files */,
			);
			path = FunctionTest;
			sourceTree = "<group>";
		};
		14BACA251D6DB602004AF32A /* Supporting Files */ = {
			isa = PBXGroup;
			children = (
				14BACA261D6DB602004AF32A /* main.m */,
			);
			name = "Supporting Files";
			sourceTree = "<group>";
		};
		14BACA3C1D6DB65F004AF32A /* PrivateIosTest */ = {
			isa = PBXGroup;
			children = (
				14BACA3D1D6DB676004AF32A /* PrivateInterfaceViewController.h */,
				14BACA3E1D6DB676004AF32A /* PrivateInterfaceViewController.m */,
			);
			path = PrivateIosTest;
			sourceTree = "<group>";
		};
		14BACA401D6DBC25004AF32A /* Macro */ = {
			isa = PBXGroup;
			children = (
				14FF9C001D6FDBF3007ED415 /* Macro1 */,
				14FF9C011D6FDBFC007ED415 /* Macro2 */,
			);
			path = Macro;
			sourceTree = "<group>";
		};
		14BACA421D6DBCC6004AF32A /* IosProblems */ = {
			isa = PBXGroup;
			children = (
				14BACA431D6DBCD1004AF32A /* IosProblems.h */,
				1497952D1D7EECF7003D3E98 /* Header.h */,
			);
			path = IosProblems;
			sourceTree = "<group>";
		};
		14BACA441D6DBD53004AF32A /* PrivateInterface */ = {
			isa = PBXGroup;
			children = (
				14BACA451D6DBD7F004AF32A /* PrivateInterfaceShow.h */,
				14BACA461D6DBD7F004AF32A /* PrivateInterfaceShow.m */,
			);
			path = PrivateInterface;
			sourceTree = "<group>";
		};
		14FF9C001D6FDBF3007ED415 /* Macro1 */ = {
			isa = PBXGroup;
			children = (
				14FF9C021D6FDDA6007ED415 /* KPublicConst.h */,
			);
			path = Macro1;
			sourceTree = "<group>";
		};
		14FF9C011D6FDBFC007ED415 /* Macro2 */ = {
			isa = PBXGroup;
			children = (
				14FF9C091D6FE660007ED415 /* KHeaderConst.h */,
				14FF9C041D6FDEF7007ED415 /* KConstAddress.h */,
				14FF9C051D6FDF22007ED415 /* KConstSize.h */,
				14FF9C061D6FDF58007ED415 /* KConstColor.h */,
				14FF9C071D6FDFEC007ED415 /* KConstFunction.h */,
				14FF9C081D6FE002007ED415 /* KConstDevice.h */,
			);
			path = Macro2;
			sourceTree = "<group>";
		};
		14FF9C0A1D6FEBF6007ED415 /* Category */ = {
			isa = PBXGroup;
			children = (
				14FF9C2E1D700D61007ED415 /* CocoaSecurity */,
				14FF9C311D700D61007ED415 /* LICENSE */,
				14FF9C321D700D61007ED415 /* README.md */,
				14FF9C0B1D6FEC43007ED415 /* UIColor+colorExpand.h */,
				14FF9C0C1D6FEC43007ED415 /* UIColor+colorExpand.m */,
				14FF9C0E1D6FEC83007ED415 /* UIImage+imageExpand.h */,
				14FF9C0F1D6FEC83007ED415 /* UIImage+imageExpand.m */,
				14FF9C111D6FECB1007ED415 /* NSDictionary+dictionaryExpand.h */,
				14FF9C121D6FECB1007ED415 /* NSDictionary+dictionaryExpand.m */,
				14FF9C141D6FECEB007ED415 /* NSError+errorExpand.h */,
				14FF9C151D6FECEB007ED415 /* NSError+errorExpand.m */,
				14FF9C1C1D6FEF2B007ED415 /* NSDate+dateExpand.h */,
				14FF9C1D1D6FEF2B007ED415 /* NSDate+dateExpand.m */,
				14FF9C1F1D6FEF78007ED415 /* UIView+viewExpand.h */,
				14FF9C201D6FEF78007ED415 /* UIView+viewExpand.m */,
				14FF9C221D6FEFEF007ED415 /* UINavigationController+navExpand.h */,
				14FF9C231D6FEFEF007ED415 /* UINavigationController+navExpand.m */,
				14FF9C251D6FF055007ED415 /* NSArray+arrayExpand.h */,
				14FF9C261D6FF055007ED415 /* NSArray+arrayExpand.m */,
				14FF9C281D6FF15B007ED415 /* NSString+stringExpand.h */,
				14FF9C291D6FF15B007ED415 /* NSString+stringExpand.m */,
				14FF9C2B1D700CC0007ED415 /* NSUserDefaults+userdefaultExpand.h */,
				14FF9C2C1D700CC0007ED415 /* NSUserDefaults+userdefaultExpand.m */,
			);
			path = Category;
			sourceTree = "<group>";
		};
		14FF9C2E1D700D61007ED415 /* CocoaSecurity */ = {
			isa = PBXGroup;
			children = (
				14FF9C2F1D700D61007ED415 /* CocoaSecurity.h */,
				14FF9C301D700D61007ED415 /* CocoaSecurity.m */,
			);
			path = CocoaSecurity;
			sourceTree = "<group>";
		};
/* End PBXGroup section */

/* Begin PBXNativeTarget section */
		14BACA211D6DB602004AF32A /* FunctionTest */ = {
			isa = PBXNativeTarget;
			buildConfigurationList = 14BACA391D6DB602004AF32A /* Build configuration list for PBXNativeTarget "FunctionTest" */;
			buildPhases = (
				14BACA1E1D6DB602004AF32A /* Sources */,
				14BACA1F1D6DB602004AF32A /* Frameworks */,
				14BACA201D6DB602004AF32A /* Resources */,
			);
			buildRules = (
			);
			dependencies = (
			);
			name = FunctionTest;
			productName = FunctionTest;
			productReference = 14BACA221D6DB602004AF32A /* FunctionTest.app */;
			productType = "com.apple.product-type.application";
		};
/* End PBXNativeTarget section */

/* Begin PBXProject section */
		14BACA1A1D6DB602004AF32A /* Project object */ = {
			isa = PBXProject;
			attributes = {
				LastUpgradeCheck = 0730;
				ORGANIZATIONNAME = Chenfy;
				TargetAttributes = {
					14BACA211D6DB602004AF32A = {
						CreatedOnToolsVersion = 7.3.1;
					};
				};
			};
			buildConfigurationList = 14BACA1D1D6DB602004AF32A /* Build configuration list for PBXProject "FunctionTest" */;
			compatibilityVersion = "Xcode 3.2";
			developmentRegion = English;
			hasScannedForEncodings = 0;
			knownRegions = (
				en,
				Base,
			);
			mainGroup = 14BACA191D6DB602004AF32A;
			productRefGroup = 14BACA231D6DB602004AF32A /* Products */;
			projectDirPath = "";
			projectRoot = "";
			targets = (
				14BACA211D6DB602004AF32A /* FunctionTest */,
			);
		};
/* End PBXProject section */

/* Begin PBXResourcesBuildPhase section */
		14BACA201D6DB602004AF32A /* Resources */ = {
			isa = PBXResourcesBuildPhase;
			buildActionMask = 2147483647;
			files = (
				14BACA351D6DB602004AF32A /* LaunchScreen.storyboard in Resources */,
				14BACA321D6DB602004AF32A /* Assets.xcassets in Resources */,
				14FF9C341D700D61007ED415 /* LICENSE in Resources */,
				14BACA301D6DB602004AF32A /* Main.storyboard in Resources */,
			);
			runOnlyForDeploymentPostprocessing = 0;
		};
/* End PBXResourcesBuildPhase section */

/* Begin PBXSourcesBuildPhase section */
		14BACA1E1D6DB602004AF32A /* Sources */ = {
			isa = PBXSourcesBuildPhase;
			buildActionMask = 2147483647;
			files = (
				14BACA3F1D6DB676004AF32A /* PrivateInterfaceViewController.m in Sources */,
				14BACA2D1D6DB602004AF32A /* ViewController.m in Sources */,
				14FF9C131D6FECB1007ED415 /* NSDictionary+dictionaryExpand.m in Sources */,
				14FF9C271D6FF055007ED415 /* NSArray+arrayExpand.m in Sources */,
				14FF9C2D1D700CC0007ED415 /* NSUserDefaults+userdefaultExpand.m in Sources */,
				14FF9C211D6FEF78007ED415 /* UIView+viewExpand.m in Sources */,
				14FF9C1E1D6FEF2B007ED415 /* NSDate+dateExpand.m in Sources */,
				14FF9C331D700D61007ED415 /* CocoaSecurity.m in Sources */,
				14FF9C2A1D6FF15B007ED415 /* NSString+stringExpand.m in Sources */,
				14BACA471D6DBD7F004AF32A /* PrivateInterfaceShow.m in Sources */,
				14BACA2A1D6DB602004AF32A /* AppDelegate.m in Sources */,
				14FF9C351D700D61007ED415 /* README.md in Sources */,
				14BACA271D6DB602004AF32A /* main.m in Sources */,
				14FF9C0D1D6FEC43007ED415 /* UIColor+colorExpand.m in Sources */,
				14FF9C161D6FECEB007ED415 /* NSError+errorExpand.m in Sources */,
				14FF9C101D6FEC83007ED415 /* UIImage+imageExpand.m in Sources */,
				14FF9C241D6FEFEF007ED415 /* UINavigationController+navExpand.m in Sources */,
			);
			runOnlyForDeploymentPostprocessing = 0;
		};
/* End PBXSourcesBuildPhase section */

/* Begin PBXVariantGroup section */
		14BACA2E1D6DB602004AF32A /* Main.storyboard */ = {
			isa = PBXVariantGroup;
			children = (
				14BACA2F1D6DB602004AF32A /* Base */,
			);
			name = Main.storyboard;
			sourceTree = "<group>";
		};
		14BACA331D6DB602004AF32A /* LaunchScreen.storyboard */ = {
			isa = PBXVariantGroup;
			children = (
				14BACA341D6DB602004AF32A /* Base */,
			);
			name = LaunchScreen.storyboard;
			sourceTree = "<group>";
		};
/* End PBXVariantGroup section */

/* Begin XCBuildConfiguration section */
		14BACA371D6DB602004AF32A /* Debug */ = {
			isa = XCBuildConfiguration;
			buildSettings = {
				ALWAYS_SEARCH_USER_PATHS = NO;
				CLANG_ANALYZER_NONNULL = YES;
				CLANG_CXX_LANGUAGE_STANDARD = "gnu++0x";
				CLANG_CXX_LIBRARY = "libc++";
				CLANG_ENABLE_MODULES = YES;
				CLANG_ENABLE_OBJC_ARC = YES;
				CLANG_WARN_BOOL_CONVERSION = YES;
				CLANG_WARN_CONSTANT_CONVERSION = YES;
				CLANG_WARN_DIRECT_OBJC_ISA_USAGE = YES_ERROR;
				CLANG_WARN_EMPTY_BODY = YES;
				CLANG_WARN_ENUM_CONVERSION = YES;
				CLANG_WARN_INT_CONVERSION = YES;
				CLANG_WARN_OBJC_ROOT_CLASS = YES_ERROR;
				CLANG_WARN_UNREACHABLE_CODE = YES;
				CLANG_WARN__DUPLICATE_METHOD_MATCH = YES;
				"CODE_SIGN_IDENTITY[sdk=iphoneos*]" = "iPhone Developer";
				COPY_PHASE_STRIP = NO;
				DEBUG_INFORMATION_FORMAT = dwarf;
				ENABLE_STRICT_OBJC_MSGSEND = YES;
				ENABLE_TESTABILITY = YES;
				GCC_C_LANGUAGE_STANDARD = gnu99;
				GCC_DYNAMIC_NO_PIC = NO;
				GCC_NO_COMMON_BLOCKS = YES;
				GCC_OPTIMIZATION_LEVEL = 0;
				GCC_PREPROCESSOR_DEFINITIONS = (
					"DEBUG=1",
					"$(inherited)",
				);
				GCC_WARN_64_TO_32_BIT_CONVERSION = YES;
				GCC_WARN_ABOUT_RETURN_TYPE = YES_ERROR;
				GCC_WARN_UNDECLARED_SELECTOR = YES;
				GCC_WARN_UNINITIALIZED_AUTOS = YES_AGGRESSIVE;
				GCC_WARN_UNUSED_FUNCTION = YES;
				GCC_WARN_UNUSED_VARIABLE = YES;
				IPHONEOS_DEPLOYMENT_TARGET = 9.3;
				MTL_ENABLE_DEBUG_INFO = YES;
				ONLY_ACTIVE_ARCH = YES;
				SDKROOT = iphoneos;
			};
			name = Debug;
		};
		14BACA381D6DB602004AF32A /* Release */ = {
			isa = XCBuildConfiguration;
			buildSettings = {
				ALWAYS_SEARCH_USER_PATHS = NO;
				CLANG_ANALYZER_NONNULL = YES;
				CLANG_CXX_LANGUAGE_STANDARD = "gnu++0x";
				CLANG_CXX_LIBRARY = "libc++";
				CLANG_ENABLE_MODULES = YES;
				CLANG_ENABLE_OBJC_ARC = YES;
				CLANG_WARN_BOOL_CONVERSION = YES;
				CLANG_WARN_CONSTANT_CONVERSION = YES;
				CLANG_WARN_DIRECT_OBJC_ISA_USAGE = YES_ERROR;
				CLANG_WARN_EMPTY_BODY = YES;
				CLANG_WARN_ENUM_CONVERSION = YES;
				CLANG_WARN_INT_CONVERSION = YES;
				CLANG_WARN_OBJC_ROOT_CLASS = YES_ERROR;
				CLANG_WARN_UNREACHABLE_CODE = YES;
				CLANG_WARN__DUPLICATE_METHOD_MATCH = YES;
				"CODE_SIGN_IDENTITY[sdk=iphoneos*]" = "iPhone Developer";
				COPY_PHASE_STRIP = NO;
				DEBUG_INFORMATION_FORMAT = "dwarf-with-dsym";
				ENABLE_NS_ASSERTIONS = NO;
				ENABLE_STRICT_OBJC_MSGSEND = YES;
				GCC_C_LANGUAGE_STANDARD = gnu99;
				GCC_NO_COMMON_BLOCKS = YES;
				GCC_WARN_64_TO_32_BIT_CONVERSION = YES;
				GCC_WARN_ABOUT_RETURN_TYPE = YES_ERROR;
				GCC_WARN_UNDECLARED_SELECTOR = YES;
				GCC_WARN_UNINITIALIZED_AUTOS = YES_AGGRESSIVE;
				GCC_WARN_UNUSED_FUNCTION = YES;
				GCC_WARN_UNUSED_VARIABLE = YES;
				IPHONEOS_DEPLOYMENT_TARGET = 9.3;
				MTL_ENABLE_DEBUG_INFO = NO;
				SDKROOT = iphoneos;
				VALIDATE_PRODUCT = YES;
			};
			name = Release;
		};
		14BACA3A1D6DB602004AF32A /* Debug */ = {
			isa = XCBuildConfiguration;
			buildSettings = {
				ASSETCATALOG_COMPILER_APPICON_NAME = AppIcon;
				INFOPLIST_FILE = FunctionTest/Info.plist;
				IPHONEOS_DEPLOYMENT_TARGET = 8.0;
				LD_RUNPATH_SEARCH_PATHS = "$(inherited) @executable_path/Frameworks";
				PRODUCT_BUNDLE_IDENTIFIER = com.BJCA.FunctionTest;
				PRODUCT_NAME = "$(TARGET_NAME)";
			};
			name = Debug;
		};
		14BACA3B1D6DB602004AF32A /* Release */ = {
			isa = XCBuildConfiguration;
			buildSettings = {
				ASSETCATALOG_COMPILER_APPICON_NAME = AppIcon;
				INFOPLIST_FILE = FunctionTest/Info.plist;
				IPHONEOS_DEPLOYMENT_TARGET = 8.0;
				LD_RUNPATH_SEARCH_PATHS = "$(inherited) @executable_path/Frameworks";
				PRODUCT_BUNDLE_IDENTIFIER = com.BJCA.FunctionTest;
				PRODUCT_NAME = "$(TARGET_NAME)";
			};
			name = Release;
		};
/* End XCBuildConfiguration section */

/* Begin XCConfigurationList section */
		14BACA1D1D6DB602004AF32A /* Build configuration list for PBXProject "FunctionTest" */ = {
			isa = XCConfigurationList;
			buildConfigurations = (
				14BACA371D6DB602004AF32A /* Debug */,
				14BACA381D6DB602004AF32A /* Release */,
			);
			defaultConfigurationIsVisible = 0;
			defaultConfigurationName = Release;
		};
		14BACA391D6DB602004AF32A /* Build configuration list for PBXNativeTarget "FunctionTest" */ = {
			isa = XCConfigurationList;
			buildConfigurations = (
				14BACA3A1D6DB602004AF32A /* Debug */,
				14BACA3B1D6DB602004AF32A /* Release */,
			);
			defaultConfigurationIsVisible = 0;
			defaultConfigurationName = Release;
		};
/* End XCConfigurationList section */
	};
	rootObject = 14BACA1A1D6DB602004AF32A /* Project object */;
}
